
Microsoft Visual Studio Solution File, Format Version 12.00
# Visual Studio Version 17
VisualStudioVersion = 17.11.35208.52
MinimumVisualStudioVersion = 10.0.40219.1
Project("{2150E333-8FDC-42A3-9474-1A3956D46DE8}") = "src", "src", "{932E9CCA-7F38-4C45-BC58-FC1F23FA4F4A}"
EndProject
Project("{2150E333-8FDC-42A3-9474-1A3956D46DE8}") = "test", "test", "{1A031EF2-BBB4-41BB-B06D-E51D7A133700}"
EndProject
Project("{9A19103F-16F7-4668-BE54-9A1E7A4F7556}") = "portlocator.Api", "src\portlocator.Api\portlocator.Api.csproj", "{ED836CFA-7825-41C0-ABE6-3186DB998B91}"
	ProjectSection(ProjectDependencies) = postProject
		{004A88F6-0B27-46E0-A0F2-5A3F7C81C74F} = {004A88F6-0B27-46E0-A0F2-5A3F7C81C74F}
		{05C1F84A-6CAB-4F2A-8901-83AE8E708636} = {05C1F84A-6CAB-4F2A-8901-83AE8E708636}
		{48E6733F-7655-4E47-A156-56A73442C83C} = {48E6733F-7655-4E47-A156-56A73442C83C}
	EndProjectSection
EndProject
Project("{9A19103F-16F7-4668-BE54-9A1E7A4F7556}") = "portlocator.Domain", "src\portlocator.Domain\portlocator.Domain.csproj", "{132188DB-037F-4340-B9D9-07F5BCAF7FAE}"
EndProject
Project("{9A19103F-16F7-4668-BE54-9A1E7A4F7556}") = "portlocator.Application", "src\portlocator.Application\portlocator.Application.csproj", "{48E6733F-7655-4E47-A156-56A73442C83C}"
EndProject
Project("{9A19103F-16F7-4668-BE54-9A1E7A4F7556}") = "portlocator.Infrastructure", "src\portlocator.Infrastructure\portlocator.Infrastructure.csproj", "{004A88F6-0B27-46E0-A0F2-5A3F7C81C74F}"
EndProject
Project("{9A19103F-16F7-4668-BE54-9A1E7A4F7556}") = "portlocator.Shared", "src\portlocator.Shared\portlocator.Shared.csproj", "{05C1F84A-6CAB-4F2A-8901-83AE8E708636}"
EndProject
Project("{E53339B2-1760-4266-BCC7-CA923CBCF16C}") = "docker-compose", "docker-compose.dcproj", "{4F805399-C296-4AED-A493-4ABAE45EE4CD}"
EndProject
Project("{FAE04EC0-301F-11D3-BF4B-00C04F79EFBC}") = "portlocator.Tests", "test\portlocator.Tests\portlocator.Tests.csproj", "{7F92EFCB-AC56-4EC4-AB61-E09A1B684046}"
EndProject
Global
	GlobalSection(SolutionConfigurationPlatforms) = preSolution
		Debug|Any CPU = Debug|Any CPU
		Release|Any CPU = Release|Any CPU
	EndGlobalSection
	GlobalSection(ProjectConfigurationPlatforms) = postSolution
		{ED836CFA-7825-41C0-ABE6-3186DB998B91}.Debug|Any CPU.ActiveCfg = Debug|Any CPU
		{ED836CFA-7825-41C0-ABE6-3186DB998B91}.Debug|Any CPU.Build.0 = Debug|Any CPU
		{ED836CFA-7825-41C0-ABE6-3186DB998B91}.Release|Any CPU.ActiveCfg = Release|Any CPU
		{ED836CFA-7825-41C0-ABE6-3186DB998B91}.Release|Any CPU.Build.0 = Release|Any CPU
		{132188DB-037F-4340-B9D9-07F5BCAF7FAE}.Debug|Any CPU.ActiveCfg = Debug|Any CPU
		{132188DB-037F-4340-B9D9-07F5BCAF7FAE}.Debug|Any CPU.Build.0 = Debug|Any CPU
		{132188DB-037F-4340-B9D9-07F5BCAF7FAE}.Release|Any CPU.ActiveCfg = Release|Any CPU
		{132188DB-037F-4340-B9D9-07F5BCAF7FAE}.Release|Any CPU.Build.0 = Release|Any CPU
		{48E6733F-7655-4E47-A156-56A73442C83C}.Debug|Any CPU.ActiveCfg = Debug|Any CPU
		{48E6733F-7655-4E47-A156-56A73442C83C}.Debug|Any CPU.Build.0 = Debug|Any CPU
		{48E6733F-7655-4E47-A156-56A73442C83C}.Release|Any CPU.ActiveCfg = Release|Any CPU
		{48E6733F-7655-4E47-A156-56A73442C83C}.Release|Any CPU.Build.0 = Release|Any CPU
		{004A88F6-0B27-46E0-A0F2-5A3F7C81C74F}.Debug|Any CPU.ActiveCfg = Debug|Any CPU
		{004A88F6-0B27-46E0-A0F2-5A3F7C81C74F}.Debug|Any CPU.Build.0 = Debug|Any CPU
		{004A88F6-0B27-46E0-A0F2-5A3F7C81C74F}.Release|Any CPU.ActiveCfg = Release|Any CPU
		{004A88F6-0B27-46E0-A0F2-5A3F7C81C74F}.Release|Any CPU.Build.0 = Release|Any CPU
		{05C1F84A-6CAB-4F2A-8901-83AE8E708636}.Debug|Any CPU.ActiveCfg = Debug|Any CPU
		{05C1F84A-6CAB-4F2A-8901-83AE8E708636}.Debug|Any CPU.Build.0 = Debug|Any CPU
		{05C1F84A-6CAB-4F2A-8901-83AE8E708636}.Release|Any CPU.ActiveCfg = Release|Any CPU
		{05C1F84A-6CAB-4F2A-8901-83AE8E708636}.Release|Any CPU.Build.0 = Release|Any CPU
		{4F805399-C296-4AED-A493-4ABAE45EE4CD}.Debug|Any CPU.ActiveCfg = Debug|Any CPU
		{4F805399-C296-4AED-A493-4ABAE45EE4CD}.Debug|Any CPU.Build.0 = Debug|Any CPU
		{4F805399-C296-4AED-A493-4ABAE45EE4CD}.Release|Any CPU.ActiveCfg = Release|Any CPU
		{4F805399-C296-4AED-A493-4ABAE45EE4CD}.Release|Any CPU.Build.0 = Release|Any CPU
		{7F92EFCB-AC56-4EC4-AB61-E09A1B684046}.Debug|Any CPU.ActiveCfg = Debug|Any CPU
		{7F92EFCB-AC56-4EC4-AB61-E09A1B684046}.Debug|Any CPU.Build.0 = Debug|Any CPU
		{7F92EFCB-AC56-4EC4-AB61-E09A1B684046}.Release|Any CPU.ActiveCfg = Release|Any CPU
		{7F92EFCB-AC56-4EC4-AB61-E09A1B684046}.Release|Any CPU.Build.0 = Release|Any CPU
	EndGlobalSection
	GlobalSection(SolutionProperties) = preSolution
		HideSolutionNode = FALSE
	EndGlobalSection
	GlobalSection(NestedProjects) = preSolution
		{ED836CFA-7825-41C0-ABE6-3186DB998B91} = {932E9CCA-7F38-4C45-BC58-FC1F23FA4F4A}
		{132188DB-037F-4340-B9D9-07F5BCAF7FAE} = {932E9CCA-7F38-4C45-BC58-FC1F23FA4F4A}
		{48E6733F-7655-4E47-A156-56A73442C83C} = {932E9CCA-7F38-4C45-BC58-FC1F23FA4F4A}
		{004A88F6-0B27-46E0-A0F2-5A3F7C81C74F} = {932E9CCA-7F38-4C45-BC58-FC1F23FA4F4A}
		{05C1F84A-6CAB-4F2A-8901-83AE8E708636} = {932E9CCA-7F38-4C45-BC58-FC1F23FA4F4A}
		{7F92EFCB-AC56-4EC4-AB61-E09A1B684046} = {1A031EF2-BBB4-41BB-B06D-E51D7A133700}
	EndGlobalSection
	GlobalSection(ExtensibilityGlobals) = postSolution
		SolutionGuid = {D5425036-02D9-4348-A833-1CE6AF29C020}
	EndGlobalSection
EndGlobal
